// !$*UTF8*$!
{
	archiveVersion = 1;
	classes = {
	};
	objectVersion = 56;
	objects = {

/* Begin PBXBuildFile section */
		8B8311EE29E4D644002E3D6C /* HomeScreenView.swift in Sources */ = {isa = PBXBuildFile; fileRef = 8B8311ED29E4D644002E3D6C /* HomeScreenView.swift */; };
		8B8311F129E4D99A002E3D6C /* SetupViewCode.swift in Sources */ = {isa = PBXBuildFile; fileRef = 8B8311F029E4D99A002E3D6C /* SetupViewCode.swift */; };
		8BFBFF5229E0C766002118E1 /* AppDelegate.swift in Sources */ = {isa = PBXBuildFile; fileRef = 8BFBFF5129E0C766002118E1 /* AppDelegate.swift */; };
		8BFBFF5429E0C766002118E1 /* SceneDelegate.swift in Sources */ = {isa = PBXBuildFile; fileRef = 8BFBFF5329E0C766002118E1 /* SceneDelegate.swift */; };
		8BFBFF5629E0C766002118E1 /* HomeScreenViewController.swift in Sources */ = {isa = PBXBuildFile; fileRef = 8BFBFF5529E0C766002118E1 /* HomeScreenViewController.swift */; };
		8BFBFF5B29E0C76D002118E1 /* Assets.xcassets in Resources */ = {isa = PBXBuildFile; fileRef = 8BFBFF5A29E0C76D002118E1 /* Assets.xcassets */; };
		8BFBFF5E29E0C76D002118E1 /* LaunchScreen.storyboard in Resources */ = {isa = PBXBuildFile; fileRef = 8BFBFF5C29E0C76D002118E1 /* LaunchScreen.storyboard */; };
		8BFBFF6929E0C76D002118E1 /* ChooseBooksTests.swift in Sources */ = {isa = PBXBuildFile; fileRef = 8BFBFF6829E0C76D002118E1 /* ChooseBooksTests.swift */; };
		8BFBFF7329E0C76D002118E1 /* ChooseBooksUITests.swift in Sources */ = {isa = PBXBuildFile; fileRef = 8BFBFF7229E0C76D002118E1 /* ChooseBooksUITests.swift */; };
		8BFBFF7529E0C76D002118E1 /* ChooseBooksUITestsLaunchTests.swift in Sources */ = {isa = PBXBuildFile; fileRef = 8BFBFF7429E0C76D002118E1 /* ChooseBooksUITestsLaunchTests.swift */; };
		AA5F12F03FF6CF2B17918BD6 /* Pods_ChooseBooksTests.framework in Frameworks */ = {isa = PBXBuildFile; fileRef = AC52374F5F1EDC08405EED5D /* Pods_ChooseBooksTests.framework */; };
		BB70EEB82B05173244B83291 /* Pods_ChooseBooks_ChooseBooksUITests.framework in Frameworks */ = {isa = PBXBuildFile; fileRef = 0E5BF599A27124710CDE48DD /* Pods_ChooseBooks_ChooseBooksUITests.framework */; };
		D41EF30F1DDF63A5BF8CF10E /* Pods_ChooseBooks.framework in Frameworks */ = {isa = PBXBuildFile; fileRef = FF957B94ED5056F4CE7A4363 /* Pods_ChooseBooks.framework */; };
/* End PBXBuildFile section */

/* Begin PBXContainerItemProxy section */
		8BFBFF6529E0C76D002118E1 /* PBXContainerItemProxy */ = {
			isa = PBXContainerItemProxy;
			containerPortal = 8BFBFF4629E0C766002118E1 /* Project object */;
			proxyType = 1;
			remoteGlobalIDString = 8BFBFF4D29E0C766002118E1;
			remoteInfo = ChooseBooks;
		};
		8BFBFF6F29E0C76D002118E1 /* PBXContainerItemProxy */ = {
			isa = PBXContainerItemProxy;
			containerPortal = 8BFBFF4629E0C766002118E1 /* Project object */;
			proxyType = 1;
			remoteGlobalIDString = 8BFBFF4D29E0C766002118E1;
			remoteInfo = ChooseBooks;
		};
/* End PBXContainerItemProxy section */

/* Begin PBXFileReference section */
		0E5BF599A27124710CDE48DD /* Pods_ChooseBooks_ChooseBooksUITests.framework */ = {isa = PBXFileReference; explicitFileType = wrapper.framework; includeInIndex = 0; path = Pods_ChooseBooks_ChooseBooksUITests.framework; sourceTree = BUILT_PRODUCTS_DIR; };
		48294F912A8D2893213DAB98 /* Pods-ChooseBooksTests.release.xcconfig */ = {isa = PBXFileReference; includeInIndex = 1; lastKnownFileType = text.xcconfig; name = "Pods-ChooseBooksTests.release.xcconfig"; path = "Target Support Files/Pods-ChooseBooksTests/Pods-ChooseBooksTests.release.xcconfig"; sourceTree = "<group>"; };
		52F492D23AE3B7A0DC323B7F /* Pods-ChooseBooks.release.xcconfig */ = {isa = PBXFileReference; includeInIndex = 1; lastKnownFileType = text.xcconfig; name = "Pods-ChooseBooks.release.xcconfig"; path = "Target Support Files/Pods-ChooseBooks/Pods-ChooseBooks.release.xcconfig"; sourceTree = "<group>"; };
		66A00DF0C8100E3507BD5602 /* Pods-ChooseBooks-ChooseBooksUITests.debug.xcconfig */ = {isa = PBXFileReference; includeInIndex = 1; lastKnownFileType = text.xcconfig; name = "Pods-ChooseBooks-ChooseBooksUITests.debug.xcconfig"; path = "Target Support Files/Pods-ChooseBooks-ChooseBooksUITests/Pods-ChooseBooks-ChooseBooksUITests.debug.xcconfig"; sourceTree = "<group>"; };
		890373D233C1645C47A76DC3 /* Pods-ChooseBooks.debug.xcconfig */ = {isa = PBXFileReference; includeInIndex = 1; lastKnownFileType = text.xcconfig; name = "Pods-ChooseBooks.debug.xcconfig"; path = "Target Support Files/Pods-ChooseBooks/Pods-ChooseBooks.debug.xcconfig"; sourceTree = "<group>"; };
		8B8311ED29E4D644002E3D6C /* HomeScreenView.swift */ = {isa = PBXFileReference; lastKnownFileType = sourcecode.swift; path = HomeScreenView.swift; sourceTree = "<group>"; };
		8B8311F029E4D99A002E3D6C /* SetupViewCode.swift */ = {isa = PBXFileReference; lastKnownFileType = sourcecode.swift; path = SetupViewCode.swift; sourceTree = "<group>"; };
		8BFBFF4E29E0C766002118E1 /* ChooseBooks.app */ = {isa = PBXFileReference; explicitFileType = wrapper.application; includeInIndex = 0; path = ChooseBooks.app; sourceTree = BUILT_PRODUCTS_DIR; };
		8BFBFF5129E0C766002118E1 /* AppDelegate.swift */ = {isa = PBXFileReference; lastKnownFileType = sourcecode.swift; path = AppDelegate.swift; sourceTree = "<group>"; };
		8BFBFF5329E0C766002118E1 /* SceneDelegate.swift */ = {isa = PBXFileReference; lastKnownFileType = sourcecode.swift; path = SceneDelegate.swift; sourceTree = "<group>"; };
		8BFBFF5529E0C766002118E1 /* HomeScreenViewController.swift */ = {isa = PBXFileReference; lastKnownFileType = sourcecode.swift; path = HomeScreenViewController.swift; sourceTree = "<group>"; };
		8BFBFF5A29E0C76D002118E1 /* Assets.xcassets */ = {isa = PBXFileReference; lastKnownFileType = folder.assetcatalog; path = Assets.xcassets; sourceTree = "<group>"; };
		8BFBFF5D29E0C76D002118E1 /* Base */ = {isa = PBXFileReference; lastKnownFileType = file.storyboard; name = Base; path = Base.lproj/LaunchScreen.storyboard; sourceTree = "<group>"; };
		8BFBFF5F29E0C76D002118E1 /* Info.plist */ = {isa = PBXFileReference; lastKnownFileType = text.plist.xml; path = Info.plist; sourceTree = "<group>"; };
		8BFBFF6429E0C76D002118E1 /* ChooseBooksTests.xctest */ = {isa = PBXFileReference; explicitFileType = wrapper.cfbundle; includeInIndex = 0; path = ChooseBooksTests.xctest; sourceTree = BUILT_PRODUCTS_DIR; };
		8BFBFF6829E0C76D002118E1 /* ChooseBooksTests.swift */ = {isa = PBXFileReference; lastKnownFileType = sourcecode.swift; path = ChooseBooksTests.swift; sourceTree = "<group>"; };
		8BFBFF6E29E0C76D002118E1 /* ChooseBooksUITests.xctest */ = {isa = PBXFileReference; explicitFileType = wrapper.cfbundle; includeInIndex = 0; path = ChooseBooksUITests.xctest; sourceTree = BUILT_PRODUCTS_DIR; };
		8BFBFF7229E0C76D002118E1 /* ChooseBooksUITests.swift */ = {isa = PBXFileReference; lastKnownFileType = sourcecode.swift; path = ChooseBooksUITests.swift; sourceTree = "<group>"; };
		8BFBFF7429E0C76D002118E1 /* ChooseBooksUITestsLaunchTests.swift */ = {isa = PBXFileReference; lastKnownFileType = sourcecode.swift; path = ChooseBooksUITestsLaunchTests.swift; sourceTree = "<group>"; };
		91B4A606357C2770758A9962 /* Pods-ChooseBooksTests.debug.xcconfig */ = {isa = PBXFileReference; includeInIndex = 1; lastKnownFileType = text.xcconfig; name = "Pods-ChooseBooksTests.debug.xcconfig"; path = "Target Support Files/Pods-ChooseBooksTests/Pods-ChooseBooksTests.debug.xcconfig"; sourceTree = "<group>"; };
		A1C319C22B3C36941F3D527F /* Pods-ChooseBooks-ChooseBooksUITests.release.xcconfig */ = {isa = PBXFileReference; includeInIndex = 1; lastKnownFileType = text.xcconfig; name = "Pods-ChooseBooks-ChooseBooksUITests.release.xcconfig"; path = "Target Support Files/Pods-ChooseBooks-ChooseBooksUITests/Pods-ChooseBooks-ChooseBooksUITests.release.xcconfig"; sourceTree = "<group>"; };
		AC52374F5F1EDC08405EED5D /* Pods_ChooseBooksTests.framework */ = {isa = PBXFileReference; explicitFileType = wrapper.framework; includeInIndex = 0; path = Pods_ChooseBooksTests.framework; sourceTree = BUILT_PRODUCTS_DIR; };
		FF957B94ED5056F4CE7A4363 /* Pods_ChooseBooks.framework */ = {isa = PBXFileReference; explicitFileType = wrapper.framework; includeInIndex = 0; path = Pods_ChooseBooks.framework; sourceTree = BUILT_PRODUCTS_DIR; };
/* End PBXFileReference section */

/* Begin PBXFrameworksBuildPhase section */
		8BFBFF4B29E0C766002118E1 /* Frameworks */ = {
			isa = PBXFrameworksBuildPhase;
			buildActionMask = 2147483647;
			files = (
				D41EF30F1DDF63A5BF8CF10E /* Pods_ChooseBooks.framework in Frameworks */,
			);
			runOnlyForDeploymentPostprocessing = 0;
		};
		8BFBFF6129E0C76D002118E1 /* Frameworks */ = {
			isa = PBXFrameworksBuildPhase;
			buildActionMask = 2147483647;
			files = (
				AA5F12F03FF6CF2B17918BD6 /* Pods_ChooseBooksTests.framework in Frameworks */,
			);
			runOnlyForDeploymentPostprocessing = 0;
		};
		8BFBFF6B29E0C76D002118E1 /* Frameworks */ = {
			isa = PBXFrameworksBuildPhase;
			buildActionMask = 2147483647;
			files = (
				BB70EEB82B05173244B83291 /* Pods_ChooseBooks_ChooseBooksUITests.framework in Frameworks */,
			);
			runOnlyForDeploymentPostprocessing = 0;
		};
/* End PBXFrameworksBuildPhase section */

/* Begin PBXGroup section */
		6BB02F3E6F0709D92E1D2C1F /* Frameworks */ = {
			isa = PBXGroup;
			children = (
				FF957B94ED5056F4CE7A4363 /* Pods_ChooseBooks.framework */,
				0E5BF599A27124710CDE48DD /* Pods_ChooseBooks_ChooseBooksUITests.framework */,
				AC52374F5F1EDC08405EED5D /* Pods_ChooseBooksTests.framework */,
			);
			name = Frameworks;
			sourceTree = "<group>";
		};
		8B8311EC29E4D602002E3D6C /* HomeScreen */ = {
			isa = PBXGroup;
			children = (
				8B8311ED29E4D644002E3D6C /* HomeScreenView.swift */,
				8BFBFF5529E0C766002118E1 /* HomeScreenViewController.swift */,
			);
			path = HomeScreen;
			sourceTree = "<group>";
		};
		8B8311EF29E4D978002E3D6C /* Protocols */ = {
			isa = PBXGroup;
			children = (
				8B8311F029E4D99A002E3D6C /* SetupViewCode.swift */,
			);
			path = Protocols;
			sourceTree = "<group>";
		};
		8BFBFF4529E0C766002118E1 = {
			isa = PBXGroup;
			children = (
				8BFBFF5029E0C766002118E1 /* ChooseBooks */,
				8BFBFF6729E0C76D002118E1 /* ChooseBooksTests */,
				8BFBFF7129E0C76D002118E1 /* ChooseBooksUITests */,
				8BFBFF4F29E0C766002118E1 /* Products */,
				B9AC81236FF474B637008C4B /* Pods */,
				6BB02F3E6F0709D92E1D2C1F /* Frameworks */,
			);
			sourceTree = "<group>";
		};
		8BFBFF4F29E0C766002118E1 /* Products */ = {
			isa = PBXGroup;
			children = (
				8BFBFF4E29E0C766002118E1 /* ChooseBooks.app */,
				8BFBFF6429E0C76D002118E1 /* ChooseBooksTests.xctest */,
				8BFBFF6E29E0C76D002118E1 /* ChooseBooksUITests.xctest */,
			);
			name = Products;
			sourceTree = "<group>";
		};
		8BFBFF5029E0C766002118E1 /* ChooseBooks */ = {
			isa = PBXGroup;
			children = (
				8B8311EF29E4D978002E3D6C /* Protocols */,
				8BFBFF8229E0CA6C002118E1 /* Scenes */,
				8BFBFF8129E0CA3E002118E1 /*  SupportFiles */,
				8BFBFF5F29E0C76D002118E1 /* Info.plist */,
			);
			path = ChooseBooks;
			sourceTree = "<group>";
		};
		8BFBFF6729E0C76D002118E1 /* ChooseBooksTests */ = {
			isa = PBXGroup;
			children = (
				8BFBFF6829E0C76D002118E1 /* ChooseBooksTests.swift */,
			);
			path = ChooseBooksTests;
			sourceTree = "<group>";
		};
		8BFBFF7129E0C76D002118E1 /* ChooseBooksUITests */ = {
			isa = PBXGroup;
			children = (
				8BFBFF7229E0C76D002118E1 /* ChooseBooksUITests.swift */,
				8BFBFF7429E0C76D002118E1 /* ChooseBooksUITestsLaunchTests.swift */,
			);
			path = ChooseBooksUITests;
			sourceTree = "<group>";
		};
		8BFBFF8129E0CA3E002118E1 /*  SupportFiles */ = {
			isa = PBXGroup;
			children = (
				8BFBFF5129E0C766002118E1 /* AppDelegate.swift */,
				8BFBFF5329E0C766002118E1 /* SceneDelegate.swift */,
				8BFBFF5A29E0C76D002118E1 /* Assets.xcassets */,
				8BFBFF5C29E0C76D002118E1 /* LaunchScreen.storyboard */,
			);
			path = " SupportFiles";
			sourceTree = "<group>";
		};
		8BFBFF8229E0CA6C002118E1 /* Scenes */ = {
			isa = PBXGroup;
			children = (
				8B8311EC29E4D602002E3D6C /* HomeScreen */,
			);
			path = Scenes;
			sourceTree = "<group>";
		};
		B9AC81236FF474B637008C4B /* Pods */ = {
			isa = PBXGroup;
			children = (
				890373D233C1645C47A76DC3 /* Pods-ChooseBooks.debug.xcconfig */,
				52F492D23AE3B7A0DC323B7F /* Pods-ChooseBooks.release.xcconfig */,
				66A00DF0C8100E3507BD5602 /* Pods-ChooseBooks-ChooseBooksUITests.debug.xcconfig */,
				A1C319C22B3C36941F3D527F /* Pods-ChooseBooks-ChooseBooksUITests.release.xcconfig */,
				91B4A606357C2770758A9962 /* Pods-ChooseBooksTests.debug.xcconfig */,
				48294F912A8D2893213DAB98 /* Pods-ChooseBooksTests.release.xcconfig */,
			);
			path = Pods;
			sourceTree = "<group>";
		};
/* End PBXGroup section */

/* Begin PBXNativeTarget section */
		8BFBFF4D29E0C766002118E1 /* ChooseBooks */ = {
			isa = PBXNativeTarget;
			buildConfigurationList = 8BFBFF7829E0C76D002118E1 /* Build configuration list for PBXNativeTarget "ChooseBooks" */;
			buildPhases = (
				742B11D44DD82E1FC47FD72B /* [CP] Check Pods Manifest.lock */,
				8BFBFF4A29E0C766002118E1 /* Sources */,
				8BFBFF4B29E0C766002118E1 /* Frameworks */,
				8BFBFF4C29E0C766002118E1 /* Resources */,
			);
			buildRules = (
			);
			dependencies = (
			);
			name = ChooseBooks;
			productName = ChooseBooks;
			productReference = 8BFBFF4E29E0C766002118E1 /* ChooseBooks.app */;
			productType = "com.apple.product-type.application";
		};
		8BFBFF6329E0C76D002118E1 /* ChooseBooksTests */ = {
			isa = PBXNativeTarget;
			buildConfigurationList = 8BFBFF7B29E0C76D002118E1 /* Build configuration list for PBXNativeTarget "ChooseBooksTests" */;
			buildPhases = (
				112CA178BEECCA82B4710076 /* [CP] Check Pods Manifest.lock */,
				8BFBFF6029E0C76D002118E1 /* Sources */,
				8BFBFF6129E0C76D002118E1 /* Frameworks */,
				8BFBFF6229E0C76D002118E1 /* Resources */,
			);
			buildRules = (
			);
			dependencies = (
				8BFBFF6629E0C76D002118E1 /* PBXTargetDependency */,
			);
			name = ChooseBooksTests;
			productName = ChooseBooksTests;
			productReference = 8BFBFF6429E0C76D002118E1 /* ChooseBooksTests.xctest */;
			productType = "com.apple.product-type.bundle.unit-test";
		};
		8BFBFF6D29E0C76D002118E1 /* ChooseBooksUITests */ = {
			isa = PBXNativeTarget;
			buildConfigurationList = 8BFBFF7E29E0C76D002118E1 /* Build configuration list for PBXNativeTarget "ChooseBooksUITests" */;
			buildPhases = (
				67C028FD31B7DD30EDB699BF /* [CP] Check Pods Manifest.lock */,
				8BFBFF6A29E0C76D002118E1 /* Sources */,
				8BFBFF6B29E0C76D002118E1 /* Frameworks */,
				8BFBFF6C29E0C76D002118E1 /* Resources */,
			);
			buildRules = (
			);
			dependencies = (
				8BFBFF7029E0C76D002118E1 /* PBXTargetDependency */,
			);
			name = ChooseBooksUITests;
			productName = ChooseBooksUITests;
			productReference = 8BFBFF6E29E0C76D002118E1 /* ChooseBooksUITests.xctest */;
			productType = "com.apple.product-type.bundle.ui-testing";
		};
/* End PBXNativeTarget section */

/* Begin PBXProject section */
		8BFBFF4629E0C766002118E1 /* Project object */ = {
			isa = PBXProject;
			attributes = {
				BuildIndependentTargetsInParallel = 1;
				LastSwiftUpdateCheck = 1400;
				LastUpgradeCheck = 1400;
				TargetAttributes = {
					8BFBFF4D29E0C766002118E1 = {
						CreatedOnToolsVersion = 14.0;
					};
					8BFBFF6329E0C76D002118E1 = {
						CreatedOnToolsVersion = 14.0;
						TestTargetID = 8BFBFF4D29E0C766002118E1;
					};
					8BFBFF6D29E0C76D002118E1 = {
						CreatedOnToolsVersion = 14.0;
						TestTargetID = 8BFBFF4D29E0C766002118E1;
					};
				};
			};
			buildConfigurationList = 8BFBFF4929E0C766002118E1 /* Build configuration list for PBXProject "ChooseBooks" */;
			compatibilityVersion = "Xcode 14.0";
			developmentRegion = en;
			hasScannedForEncodings = 0;
			knownRegions = (
				en,
				Base,
			);
			mainGroup = 8BFBFF4529E0C766002118E1;
			productRefGroup = 8BFBFF4F29E0C766002118E1 /* Products */;
			projectDirPath = "";
			projectRoot = "";
			targets = (
				8BFBFF4D29E0C766002118E1 /* ChooseBooks */,
				8BFBFF6329E0C76D002118E1 /* ChooseBooksTests */,
				8BFBFF6D29E0C76D002118E1 /* ChooseBooksUITests */,
			);
		};
/* End PBXProject section */

/* Begin PBXResourcesBuildPhase section */
		8BFBFF4C29E0C766002118E1 /* Resources */ = {
			isa = PBXResourcesBuildPhase;
			buildActionMask = 2147483647;
			files = (
				8BFBFF5E29E0C76D002118E1 /* LaunchScreen.storyboard in Resources */,
				8BFBFF5B29E0C76D002118E1 /* Assets.xcassets in Resources */,
			);
			runOnlyForDeploymentPostprocessing = 0;
		};
		8BFBFF6229E0C76D002118E1 /* Resources */ = {
			isa = PBXResourcesBuildPhase;
			buildActionMask = 2147483647;
			files = (
			);
			runOnlyForDeploymentPostprocessing = 0;
		};
		8BFBFF6C29E0C76D002118E1 /* Resources */ = {
			isa = PBXResourcesBuildPhase;
			buildActionMask = 2147483647;
			files = (
			);
			runOnlyForDeploymentPostprocessing = 0;
		};
/* End PBXResourcesBuildPhase section */

/* Begin PBXShellScriptBuildPhase section */
		112CA178BEECCA82B4710076 /* [CP] Check Pods Manifest.lock */ = {
			isa = PBXShellScriptBuildPhase;
			buildActionMask = 2147483647;
			files = (
			);
			inputFileListPaths = (
			);
			inputPaths = (
				"${PODS_PODFILE_DIR_PATH}/Podfile.lock",
				"${PODS_ROOT}/Manifest.lock",
			);
			name = "[CP] Check Pods Manifest.lock";
			outputFileListPaths = (
			);
			outputPaths = (
				"$(DERIVED_FILE_DIR)/Pods-ChooseBooksTests-checkManifestLockResult.txt",
			);
			runOnlyForDeploymentPostprocessing = 0;
			shellPath = /bin/sh;
			shellScript = "diff \"${PODS_PODFILE_DIR_PATH}/Podfile.lock\" \"${PODS_ROOT}/Manifest.lock\" > /dev/null\nif [ $? != 0 ] ; then\n    # print error to STDERR\n    echo \"error: The sandbox is not in sync with the Podfile.lock. Run 'pod install' or update your CocoaPods installation.\" >&2\n    exit 1\nfi\n# This output is used by Xcode 'outputs' to avoid re-running this script phase.\necho \"SUCCESS\" > \"${SCRIPT_OUTPUT_FILE_0}\"\n";
			showEnvVarsInLog = 0;
		};
		67C028FD31B7DD30EDB699BF /* [CP] Check Pods Manifest.lock */ = {
			isa = PBXShellScriptBuildPhase;
			buildActionMask = 2147483647;
			files = (
			);
			inputFileListPaths = (
			);
			inputPaths = (
				"${PODS_PODFILE_DIR_PATH}/Podfile.lock",
				"${PODS_ROOT}/Manifest.lock",
			);
			name = "[CP] Check Pods Manifest.lock";
			outputFileListPaths = (
			);
			outputPaths = (
				"$(DERIVED_FILE_DIR)/Pods-ChooseBooks-ChooseBooksUITests-checkManifestLockResult.txt",
			);
			runOnlyForDeploymentPostprocessing = 0;
			shellPath = /bin/sh;
			shellScript = "diff \"${PODS_PODFILE_DIR_PATH}/Podfile.lock\" \"${PODS_ROOT}/Manifest.lock\" > /dev/null\nif [ $? != 0 ] ; then\n    # print error to STDERR\n    echo \"error: The sandbox is not in sync with the Podfile.lock. Run 'pod install' or update your CocoaPods installation.\" >&2\n    exit 1\nfi\n# This output is used by Xcode 'outputs' to avoid re-running this script phase.\necho \"SUCCESS\" > \"${SCRIPT_OUTPUT_FILE_0}\"\n";
			showEnvVarsInLog = 0;
		};
		742B11D44DD82E1FC47FD72B /* [CP] Check Pods Manifest.lock */ = {
			isa = PBXShellScriptBuildPhase;
			buildActionMask = 2147483647;
			files = (
			);
			inputFileListPaths = (
			);
			inputPaths = (
				"${PODS_PODFILE_DIR_PATH}/Podfile.lock",
				"${PODS_ROOT}/Manifest.lock",
			);
			name = "[CP] Check Pods Manifest.lock";
			outputFileListPaths = (
			);
			outputPaths = (
				"$(DERIVED_FILE_DIR)/Pods-ChooseBooks-checkManifestLockResult.txt",
			);
			runOnlyForDeploymentPostprocessing = 0;
			shellPath = /bin/sh;
			shellScript = "diff \"${PODS_PODFILE_DIR_PATH}/Podfile.lock\" \"${PODS_ROOT}/Manifest.lock\" > /dev/null\nif [ $? != 0 ] ; then\n    # print error to STDERR\n    echo \"error: The sandbox is not in sync with the Podfile.lock. Run 'pod install' or update your CocoaPods installation.\" >&2\n    exit 1\nfi\n# This output is used by Xcode 'outputs' to avoid re-running this script phase.\necho \"SUCCESS\" > \"${SCRIPT_OUTPUT_FILE_0}\"\n";
			showEnvVarsInLog = 0;
		};
/* End PBXShellScriptBuildPhase section */

/* Begin PBXSourcesBuildPhase section */
		8BFBFF4A29E0C766002118E1 /* Sources */ = {
			isa = PBXSourcesBuildPhase;
			buildActionMask = 2147483647;
			files = (
				8BFBFF5629E0C766002118E1 /* HomeScreenViewController.swift in Sources */,
				8BFBFF5229E0C766002118E1 /* AppDelegate.swift in Sources */,
				8BFBFF5429E0C766002118E1 /* SceneDelegate.swift in Sources */,
				8B8311F129E4D99A002E3D6C /* SetupViewCode.swift in Sources */,
				8B8311EE29E4D644002E3D6C /* HomeScreenView.swift in Sources */,
			);
			runOnlyForDeploymentPostprocessing = 0;
		};
		8BFBFF6029E0C76D002118E1 /* Sources */ = {
			isa = PBXSourcesBuildPhase;
			buildActionMask = 2147483647;
			files = (
				8BFBFF6929E0C76D002118E1 /* ChooseBooksTests.swift in Sources */,
			);
			runOnlyForDeploymentPostprocessing = 0;
		};
		8BFBFF6A29E0C76D002118E1 /* Sources */ = {
			isa = PBXSourcesBuildPhase;
			buildActionMask = 2147483647;
			files = (
				8BFBFF7529E0C76D002118E1 /* ChooseBooksUITestsLaunchTests.swift in Sources */,
				8BFBFF7329E0C76D002118E1 /* ChooseBooksUITests.swift in Sources */,
			);
			runOnlyForDeploymentPostprocessing = 0;
		};
/* End PBXSourcesBuildPhase section */

/* Begin PBXTargetDependency section */
		8BFBFF6629E0C76D002118E1 /* PBXTargetDependency */ = {
			isa = PBXTargetDependency;
			target = 8BFBFF4D29E0C766002118E1 /* ChooseBooks */;
			targetProxy = 8BFBFF6529E0C76D002118E1 /* PBXContainerItemProxy */;
		};
		8BFBFF7029E0C76D002118E1 /* PBXTargetDependency */ = {
			isa = PBXTargetDependency;
			target = 8BFBFF4D29E0C766002118E1 /* ChooseBooks */;
			targetProxy = 8BFBFF6F29E0C76D002118E1 /* PBXContainerItemProxy */;
		};
/* End PBXTargetDependency section */

/* Begin PBXVariantGroup section */
		8BFBFF5C29E0C76D002118E1 /* LaunchScreen.storyboard */ = {
			isa = PBXVariantGroup;
			children = (
				8BFBFF5D29E0C76D002118E1 /* Base */,
			);
			name = LaunchScreen.storyboard;
			sourceTree = "<group>";
		};
/* End PBXVariantGroup section */

/* Begin XCBuildConfiguration section */
		8BFBFF7629E0C76D002118E1 /* Debug */ = {
			isa = XCBuildConfiguration;
			buildSettings = {
				ALWAYS_SEARCH_USER_PATHS = NO;
				CLANG_ANALYZER_NONNULL = YES;
				CLANG_ANALYZER_NUMBER_OBJECT_CONVERSION = YES_AGGRESSIVE;
				CLANG_CXX_LANGUAGE_STANDARD = "gnu++20";
				CLANG_ENABLE_MODULES = YES;
				CLANG_ENABLE_OBJC_ARC = YES;
				CLANG_ENABLE_OBJC_WEAK = YES;
				CLANG_WARN_BLOCK_CAPTURE_AUTORELEASING = YES;
				CLANG_WARN_BOOL_CONVERSION = YES;
				CLANG_WARN_COMMA = YES;
				CLANG_WARN_CONSTANT_CONVERSION = YES;
				CLANG_WARN_DEPRECATED_OBJC_IMPLEMENTATIONS = YES;
				CLANG_WARN_DIRECT_OBJC_ISA_USAGE = YES_ERROR;
				CLANG_WARN_DOCUMENTATION_COMMENTS = YES;
				CLANG_WARN_EMPTY_BODY = YES;
				CLANG_WARN_ENUM_CONVERSION = YES;
				CLANG_WARN_INFINITE_RECURSION = YES;
				CLANG_WARN_INT_CONVERSION = YES;
				CLANG_WARN_NON_LITERAL_NULL_CONVERSION = YES;
				CLANG_WARN_OBJC_IMPLICIT_RETAIN_SELF = YES;
				CLANG_WARN_OBJC_LITERAL_CONVERSION = YES;
				CLANG_WARN_OBJC_ROOT_CLASS = YES_ERROR;
				CLANG_WARN_QUOTED_INCLUDE_IN_FRAMEWORK_HEADER = YES;
				CLANG_WARN_RANGE_LOOP_ANALYSIS = YES;
				CLANG_WARN_STRICT_PROTOTYPES = YES;
				CLANG_WARN_SUSPICIOUS_MOVE = YES;
				CLANG_WARN_UNGUARDED_AVAILABILITY = YES_AGGRESSIVE;
				CLANG_WARN_UNREACHABLE_CODE = YES;
				CLANG_WARN__DUPLICATE_METHOD_MATCH = YES;
				COPY_PHASE_STRIP = NO;
				DEBUG_INFORMATION_FORMAT = dwarf;
				ENABLE_STRICT_OBJC_MSGSEND = YES;
				ENABLE_TESTABILITY = YES;
				GCC_C_LANGUAGE_STANDARD = gnu11;
				GCC_DYNAMIC_NO_PIC = NO;
				GCC_NO_COMMON_BLOCKS = YES;
				GCC_OPTIMIZATION_LEVEL = 0;
				GCC_PREPROCESSOR_DEFINITIONS = (
					"DEBUG=1",
					"$(inherited)",
				);
				GCC_WARN_64_TO_32_BIT_CONVERSION = YES;
				GCC_WARN_ABOUT_RETURN_TYPE = YES_ERROR;
				GCC_WARN_UNDECLARED_SELECTOR = YES;
				GCC_WARN_UNINITIALIZED_AUTOS = YES_AGGRESSIVE;
				GCC_WARN_UNUSED_FUNCTION = YES;
				GCC_WARN_UNUSED_VARIABLE = YES;
				IPHONEOS_DEPLOYMENT_TARGET = 16.0;
				MTL_ENABLE_DEBUG_INFO = INCLUDE_SOURCE;
				MTL_FAST_MATH = YES;
				ONLY_ACTIVE_ARCH = YES;
				SDKROOT = iphoneos;
				SWIFT_ACTIVE_COMPILATION_CONDITIONS = DEBUG;
				SWIFT_OPTIMIZATION_LEVEL = "-Onone";
			};
			name = Debug;
		};
		8BFBFF7729E0C76D002118E1 /* Release */ = {
			isa = XCBuildConfiguration;
			buildSettings = {
				ALWAYS_SEARCH_USER_PATHS = NO;
				CLANG_ANALYZER_NONNULL = YES;
				CLANG_ANALYZER_NUMBER_OBJECT_CONVERSION = YES_AGGRESSIVE;
				CLANG_CXX_LANGUAGE_STANDARD = "gnu++20";
				CLANG_ENABLE_MODULES = YES;
				CLANG_ENABLE_OBJC_ARC = YES;
				CLANG_ENABLE_OBJC_WEAK = YES;
				CLANG_WARN_BLOCK_CAPTURE_AUTORELEASING = YES;
				CLANG_WARN_BOOL_CONVERSION = YES;
				CLANG_WARN_COMMA = YES;
				CLANG_WARN_CONSTANT_CONVERSION = YES;
				CLANG_WARN_DEPRECATED_OBJC_IMPLEMENTATIONS = YES;
				CLANG_WARN_DIRECT_OBJC_ISA_USAGE = YES_ERROR;
				CLANG_WARN_DOCUMENTATION_COMMENTS = YES;
				CLANG_WARN_EMPTY_BODY = YES;
				CLANG_WARN_ENUM_CONVERSION = YES;
				CLANG_WARN_INFINITE_RECURSION = YES;
				CLANG_WARN_INT_CONVERSION = YES;
				CLANG_WARN_NON_LITERAL_NULL_CONVERSION = YES;
				CLANG_WARN_OBJC_IMPLICIT_RETAIN_SELF = YES;
				CLANG_WARN_OBJC_LITERAL_CONVERSION = YES;
				CLANG_WARN_OBJC_ROOT_CLASS = YES_ERROR;
				CLANG_WARN_QUOTED_INCLUDE_IN_FRAMEWORK_HEADER = YES;
				CLANG_WARN_RANGE_LOOP_ANALYSIS = YES;
				CLANG_WARN_STRICT_PROTOTYPES = YES;
				CLANG_WARN_SUSPICIOUS_MOVE = YES;
				CLANG_WARN_UNGUARDED_AVAILABILITY = YES_AGGRESSIVE;
				CLANG_WARN_UNREACHABLE_CODE = YES;
				CLANG_WARN__DUPLICATE_METHOD_MATCH = YES;
				COPY_PHASE_STRIP = NO;
				DEBUG_INFORMATION_FORMAT = "dwarf-with-dsym";
				ENABLE_NS_ASSERTIONS = NO;
				ENABLE_STRICT_OBJC_MSGSEND = YES;
				GCC_C_LANGUAGE_STANDARD = gnu11;
				GCC_NO_COMMON_BLOCKS = YES;
				GCC_WARN_64_TO_32_BIT_CONVERSION = YES;
				GCC_WARN_ABOUT_RETURN_TYPE = YES_ERROR;
				GCC_WARN_UNDECLARED_SELECTOR = YES;
				GCC_WARN_UNINITIALIZED_AUTOS = YES_AGGRESSIVE;
				GCC_WARN_UNUSED_FUNCTION = YES;
				GCC_WARN_UNUSED_VARIABLE = YES;
				IPHONEOS_DEPLOYMENT_TARGET = 16.0;
				MTL_ENABLE_DEBUG_INFO = NO;
				MTL_FAST_MATH = YES;
				SDKROOT = iphoneos;
				SWIFT_COMPILATION_MODE = wholemodule;
				SWIFT_OPTIMIZATION_LEVEL = "-O";
				VALIDATE_PRODUCT = YES;
			};
			name = Release;
		};
		8BFBFF7929E0C76D002118E1 /* Debug */ = {
			isa = XCBuildConfiguration;
			baseConfigurationReference = 890373D233C1645C47A76DC3 /* Pods-ChooseBooks.debug.xcconfig */;
			buildSettings = {
				ASSETCATALOG_COMPILER_APPICON_NAME = AppIcon;
				ASSETCATALOG_COMPILER_GLOBAL_ACCENT_COLOR_NAME = AccentColor;
				CODE_SIGN_STYLE = Automatic;
				CURRENT_PROJECT_VERSION = 1;
				DEVELOPMENT_TEAM = P35N68RMVQ;
				GENERATE_INFOPLIST_FILE = YES;
				INFOPLIST_FILE = ChooseBooks/Info.plist;
				INFOPLIST_KEY_UIApplicationSupportsIndirectInputEvents = YES;
				INFOPLIST_KEY_UILaunchStoryboardName = LaunchScreen;
				INFOPLIST_KEY_UISupportedInterfaceOrientations_iPad = "UIInterfaceOrientationPortrait UIInterfaceOrientationPortraitUpsideDown UIInterfaceOrientationLandscapeLeft UIInterfaceOrientationLandscapeRight";
				INFOPLIST_KEY_UISupportedInterfaceOrientations_iPhone = "UIInterfaceOrientationPortrait UIInterfaceOrientationLandscapeLeft UIInterfaceOrientationLandscapeRight";
				LD_RUNPATH_SEARCH_PATHS = (
					"$(inherited)",
					"@executable_path/Frameworks",
				);
				MARKETING_VERSION = 1.0;
				PRODUCT_BUNDLE_IDENTIFIER = br.com.raline.ChooseBooks;
				PRODUCT_NAME = "$(TARGET_NAME)";
				SWIFT_EMIT_LOC_STRINGS = YES;
				SWIFT_VERSION = 5.0;
				TARGETED_DEVICE_FAMILY = "1,2";
			};
			name = Debug;
		};
		8BFBFF7A29E0C76D002118E1 /* Release */ = {
			isa = XCBuildConfiguration;
			baseConfigurationReference = 52F492D23AE3B7A0DC323B7F /* Pods-ChooseBooks.release.xcconfig */;
			buildSettings = {
				ASSETCATALOG_COMPILER_APPICON_NAME = AppIcon;
				ASSETCATALOG_COMPILER_GLOBAL_ACCENT_COLOR_NAME = AccentColor;
				CODE_SIGN_STYLE = Automatic;
				CURRENT_PROJECT_VERSION = 1;
				DEVELOPMENT_TEAM = P35N68RMVQ;
				GENERATE_INFOPLIST_FILE = YES;
				INFOPLIST_FILE = ChooseBooks/Info.plist;
				INFOPLIST_KEY_UIApplicationSupportsIndirectInputEvents = YES;
				INFOPLIST_KEY_UILaunchStoryboardName = LaunchScreen;
				INFOPLIST_KEY_UISupportedInterfaceOrientations_iPad = "UIInterfaceOrientationPortrait UIInterfaceOrientationPortraitUpsideDown UIInterfaceOrientationLandscapeLeft UIInterfaceOrientationLandscapeRight";
				INFOPLIST_KEY_UISupportedInterfaceOrientations_iPhone = "UIInterfaceOrientationPortrait UIInterfaceOrientationLandscapeLeft UIInterfaceOrientationLandscapeRight";
				LD_RUNPATH_SEARCH_PATHS = (
					"$(inherited)",
					"@executable_path/Frameworks",
				);
				MARKETING_VERSION = 1.0;
				PRODUCT_BUNDLE_IDENTIFIER = br.com.raline.ChooseBooks;
				PRODUCT_NAME = "$(TARGET_NAME)";
				SWIFT_EMIT_LOC_STRINGS = YES;
				SWIFT_VERSION = 5.0;
				TARGETED_DEVICE_FAMILY = "1,2";
			};
			name = Release;
		};
		8BFBFF7C29E0C76D002118E1 /* Debug */ = {
			isa = XCBuildConfiguration;
			baseConfigurationReference = 91B4A606357C2770758A9962 /* Pods-ChooseBooksTests.debug.xcconfig */;
			buildSettings = {
				ALWAYS_EMBED_SWIFT_STANDARD_LIBRARIES = YES;
				BUNDLE_LOADER = "$(TEST_HOST)";
				CODE_SIGN_STYLE = Automatic;
				CURRENT_PROJECT_VERSION = 1;
				DEVELOPMENT_TEAM = P35N68RMVQ;
				GENERATE_INFOPLIST_FILE = YES;
				IPHONEOS_DEPLOYMENT_TARGET = 16.0;
				MARKETING_VERSION = 1.0;
				PRODUCT_BUNDLE_IDENTIFIER = br.com.raline.ChooseBooksTests;
				PRODUCT_NAME = "$(TARGET_NAME)";
				SWIFT_EMIT_LOC_STRINGS = NO;
				SWIFT_VERSION = 5.0;
				TARGETED_DEVICE_FAMILY = "1,2";
				TEST_HOST = "$(BUILT_PRODUCTS_DIR)/ChooseBooks.app/$(BUNDLE_EXECUTABLE_FOLDER_PATH)/ChooseBooks";
			};
			name = Debug;
		};
		8BFBFF7D29E0C76D002118E1 /* Release */ = {
			isa = XCBuildConfiguration;
			baseConfigurationReference = 48294F912A8D2893213DAB98 /* Pods-ChooseBooksTests.release.xcconfig */;
			buildSettings = {
				ALWAYS_EMBED_SWIFT_STANDARD_LIBRARIES = YES;
				BUNDLE_LOADER = "$(TEST_HOST)";
				CODE_SIGN_STYLE = Automatic;
				CURRENT_PROJECT_VERSION = 1;
				DEVELOPMENT_TEAM = P35N68RMVQ;
				GENERATE_INFOPLIST_FILE = YES;
				IPHONEOS_DEPLOYMENT_TARGET = 16.0;
				MARKETING_VERSION = 1.0;
				PRODUCT_BUNDLE_IDENTIFIER = br.com.raline.ChooseBooksTests;
				PRODUCT_NAME = "$(TARGET_NAME)";
				SWIFT_EMIT_LOC_STRINGS = NO;
				SWIFT_VERSION = 5.0;
				TARGETED_DEVICE_FAMILY = "1,2";
				TEST_HOST = "$(BUILT_PRODUCTS_DIR)/ChooseBooks.app/$(BUNDLE_EXECUTABLE_FOLDER_PATH)/ChooseBooks";
			};
			name = Release;
		};
		8BFBFF7F29E0C76D002118E1 /* Debug */ = {
			isa = XCBuildConfiguration;
			baseConfigurationReference = 66A00DF0C8100E3507BD5602 /* Pods-ChooseBooks-ChooseBooksUITests.debug.xcconfig */;
			buildSettings = {
				ALWAYS_EMBED_SWIFT_STANDARD_LIBRARIES = YES;
				CODE_SIGN_STYLE = Automatic;
				CURRENT_PROJECT_VERSION = 1;
				DEVELOPMENT_TEAM = P35N68RMVQ;
				GENERATE_INFOPLIST_FILE = YES;
				MARKETING_VERSION = 1.0;
				PRODUCT_BUNDLE_IDENTIFIER = br.com.raline.ChooseBooksUITests;
				PRODUCT_NAME = "$(TARGET_NAME)";
				SWIFT_EMIT_LOC_STRINGS = NO;
				SWIFT_VERSION = 5.0;
				TARGETED_DEVICE_FAMILY = "1,2";
				TEST_TARGET_NAME = ChooseBooks;
			};
			name = Debug;
		};
		8BFBFF8029E0C76D002118E1 /* Release */ = {
			isa = XCBuildConfiguration;
			baseConfigurationReference = A1C319C22B3C36941F3D527F /* Pods-ChooseBooks-ChooseBooksUITests.release.xcconfig */;
			buildSettings = {
				ALWAYS_EMBED_SWIFT_STANDARD_LIBRARIES = YES;
				CODE_SIGN_STYLE = Automatic;
				CURRENT_PROJECT_VERSION = 1;
				DEVELOPMENT_TEAM = P35N68RMVQ;
				GENERATE_INFOPLIST_FILE = YES;
				MARKETING_VERSION = 1.0;
				PRODUCT_BUNDLE_IDENTIFIER = br.com.raline.ChooseBooksUITests;
				PRODUCT_NAME = "$(TARGET_NAME)";
				SWIFT_EMIT_LOC_STRINGS = NO;
				SWIFT_VERSION = 5.0;
				TARGETED_DEVICE_FAMILY = "1,2";
				TEST_TARGET_NAME = ChooseBooks;
			};
			name = Release;
		};
/* End XCBuildConfiguration section */

/* Begin XCConfigurationList section */
		8BFBFF4929E0C766002118E1 /* Build configuration list for PBXProject "ChooseBooks" */ = {
			isa = XCConfigurationList;
			buildConfigurations = (
				8BFBFF7629E0C76D002118E1 /* Debug */,
				8BFBFF7729E0C76D002118E1 /* Release */,
			);
			defaultConfigurationIsVisible = 0;
			defaultConfigurationName = Release;
		};
		8BFBFF7829E0C76D002118E1 /* Build configuration list for PBXNativeTarget "ChooseBooks" */ = {
			isa = XCConfigurationList;
			buildConfigurations = (
				8BFBFF7929E0C76D002118E1 /* Debug */,
				8BFBFF7A29E0C76D002118E1 /* Release */,
			);
			defaultConfigurationIsVisible = 0;
			defaultConfigurationName = Release;
		};
		8BFBFF7B29E0C76D002118E1 /* Build configuration list for PBXNativeTarget "ChooseBooksTests" */ = {
			isa = XCConfigurationList;
			buildConfigurations = (
				8BFBFF7C29E0C76D002118E1 /* Debug */,
				8BFBFF7D29E0C76D002118E1 /* Release */,
			);
			defaultConfigurationIsVisible = 0;
			defaultConfigurationName = Release;
		};
		8BFBFF7E29E0C76D002118E1 /* Build configuration list for PBXNativeTarget "ChooseBooksUITests" */ = {
			isa = XCConfigurationList;
			buildConfigurations = (
				8BFBFF7F29E0C76D002118E1 /* Debug */,
				8BFBFF8029E0C76D002118E1 /* Release */,
			);
			defaultConfigurationIsVisible = 0;
			defaultConfigurationName = Release;
		};
/* End XCConfigurationList section */
	};
	rootObject = 8BFBFF4629E0C766002118E1 /* Project object */;
}
